// !$*UTF8*$!
{
	archiveVersion = 1;
	classes = {
	};
	objectVersion = 55;
	objects = {

/* Begin PBXBuildFile section */
		3B0D94AC28E3F5C2000CC9BB /* NewsFeedApp.swift in Sources */ = {isa = PBXBuildFile; fileRef = 3B0D94AB28E3F5C2000CC9BB /* NewsFeedApp.swift */; };
		3B0D94B028E3F5C4000CC9BB /* Assets.xcassets in Resources */ = {isa = PBXBuildFile; fileRef = 3B0D94AF28E3F5C4000CC9BB /* Assets.xcassets */; };
		3B0D94B328E3F5C4000CC9BB /* Preview Assets.xcassets in Resources */ = {isa = PBXBuildFile; fileRef = 3B0D94B228E3F5C4000CC9BB /* Preview Assets.xcassets */; };
		3B0D94BC28E3FA1B000CC9BB /* NewsModel.swift in Sources */ = {isa = PBXBuildFile; fileRef = 3B0D94BB28E3FA1B000CC9BB /* NewsModel.swift */; };
		3B0D94BE28E3FA51000CC9BB /* NewsRequest.swift in Sources */ = {isa = PBXBuildFile; fileRef = 3B0D94BD28E3FA51000CC9BB /* NewsRequest.swift */; };
		3B0D94C128E3FB39000CC9BB /* NewStories.swift in Sources */ = {isa = PBXBuildFile; fileRef = 3B0D94C028E3FB39000CC9BB /* NewStories.swift */; };
		3B62D30528E5223D00D76A09 /* NewsView.swift in Sources */ = {isa = PBXBuildFile; fileRef = 3B62D30428E5223D00D76A09 /* NewsView.swift */; };
		3B62D30928E547C900D76A09 /* RichLinkData.swift in Sources */ = {isa = PBXBuildFile; fileRef = 3B62D30828E547C900D76A09 /* RichLinkData.swift */; };
		3B62D30B28E5557300D76A09 /* JobItem.swift in Sources */ = {isa = PBXBuildFile; fileRef = 3B62D30A28E5557300D76A09 /* JobItem.swift */; };
		3B62D30D28E558AA00D76A09 /* JobView.swift in Sources */ = {isa = PBXBuildFile; fileRef = 3B62D30C28E558AA00D76A09 /* JobView.swift */; };
		3B62D30F28E5599200D76A09 /* MainView.swift in Sources */ = {isa = PBXBuildFile; fileRef = 3B62D30E28E5599200D76A09 /* MainView.swift */; };
		3B62D31128E55A7700D76A09 /* JobFeed.swift in Sources */ = {isa = PBXBuildFile; fileRef = 3B62D31028E55A7700D76A09 /* JobFeed.swift */; };
		3B62D31328E55F2B00D76A09 /* WelcomeView.swift in Sources */ = {isa = PBXBuildFile; fileRef = 3B62D31228E55F2B00D76A09 /* WelcomeView.swift */; };
		3B8C8DFF28E662F40054B32B /* NewsItemModel.swift in Sources */ = {isa = PBXBuildFile; fileRef = 3B8C8DFE28E662F40054B32B /* NewsItemModel.swift */; };
		3B8C8E0128E6969A0054B32B /* JobCardView.swift in Sources */ = {isa = PBXBuildFile; fileRef = 3B8C8E0028E6969A0054B32B /* JobCardView.swift */; };
		3B8C8E0328E6A2DD0054B32B /* FavoritesView.swift in Sources */ = {isa = PBXBuildFile; fileRef = 3B8C8E0228E6A2DD0054B32B /* FavoritesView.swift */; };
		3B8C8E0528E6A5170054B32B /* NewsFeedFavoriteBar.swift in Sources */ = {isa = PBXBuildFile; fileRef = 3B8C8E0428E6A5170054B32B /* NewsFeedFavoriteBar.swift */; };
/* End PBXBuildFile section */

/* Begin PBXFileReference section */
		3B0D94A828E3F5C2000CC9BB /* NewsFeed.app */ = {isa = PBXFileReference; explicitFileType = wrapper.application; includeInIndex = 0; path = NewsFeed.app; sourceTree = BUILT_PRODUCTS_DIR; };
		3B0D94AB28E3F5C2000CC9BB /* NewsFeedApp.swift */ = {isa = PBXFileReference; lastKnownFileType = sourcecode.swift; path = NewsFeedApp.swift; sourceTree = "<group>"; };
		3B0D94AF28E3F5C4000CC9BB /* Assets.xcassets */ = {isa = PBXFileReference; lastKnownFileType = folder.assetcatalog; path = Assets.xcassets; sourceTree = "<group>"; };
		3B0D94B228E3F5C4000CC9BB /* Preview Assets.xcassets */ = {isa = PBXFileReference; lastKnownFileType = folder.assetcatalog; path = "Preview Assets.xcassets"; sourceTree = "<group>"; };
		3B0D94BB28E3FA1B000CC9BB /* NewsModel.swift */ = {isa = PBXFileReference; lastKnownFileType = sourcecode.swift; path = NewsModel.swift; sourceTree = "<group>"; };
		3B0D94BD28E3FA51000CC9BB /* NewsRequest.swift */ = {isa = PBXFileReference; lastKnownFileType = sourcecode.swift; path = NewsRequest.swift; sourceTree = "<group>"; };
		3B0D94C028E3FB39000CC9BB /* NewStories.swift */ = {isa = PBXFileReference; lastKnownFileType = sourcecode.swift; path = NewStories.swift; sourceTree = "<group>"; };
		3B62D30428E5223D00D76A09 /* NewsView.swift */ = {isa = PBXFileReference; lastKnownFileType = sourcecode.swift; path = NewsView.swift; sourceTree = "<group>"; };
		3B62D30828E547C900D76A09 /* RichLinkData.swift */ = {isa = PBXFileReference; lastKnownFileType = sourcecode.swift; path = RichLinkData.swift; sourceTree = "<group>"; };
		3B62D30A28E5557300D76A09 /* JobItem.swift */ = {isa = PBXFileReference; lastKnownFileType = sourcecode.swift; path = JobItem.swift; sourceTree = "<group>"; };
		3B62D30C28E558AA00D76A09 /* JobView.swift */ = {isa = PBXFileReference; lastKnownFileType = sourcecode.swift; path = JobView.swift; sourceTree = "<group>"; };
		3B62D30E28E5599200D76A09 /* MainView.swift */ = {isa = PBXFileReference; lastKnownFileType = sourcecode.swift; path = MainView.swift; sourceTree = "<group>"; };
		3B62D31028E55A7700D76A09 /* JobFeed.swift */ = {isa = PBXFileReference; lastKnownFileType = sourcecode.swift; path = JobFeed.swift; sourceTree = "<group>"; };
		3B62D31228E55F2B00D76A09 /* WelcomeView.swift */ = {isa = PBXFileReference; lastKnownFileType = sourcecode.swift; path = WelcomeView.swift; sourceTree = "<group>"; };
		3B8C8DFE28E662F40054B32B /* NewsItemModel.swift */ = {isa = PBXFileReference; lastKnownFileType = sourcecode.swift; path = NewsItemModel.swift; sourceTree = "<group>"; };
		3B8C8E0028E6969A0054B32B /* JobCardView.swift */ = {isa = PBXFileReference; lastKnownFileType = sourcecode.swift; path = JobCardView.swift; sourceTree = "<group>"; };
		3B8C8E0228E6A2DD0054B32B /* FavoritesView.swift */ = {isa = PBXFileReference; lastKnownFileType = sourcecode.swift; path = FavoritesView.swift; sourceTree = "<group>"; };
		3B8C8E0428E6A5170054B32B /* NewsFeedFavoriteBar.swift */ = {isa = PBXFileReference; lastKnownFileType = sourcecode.swift; path = NewsFeedFavoriteBar.swift; sourceTree = "<group>"; xcLanguageSpecificationIdentifier = xcode.lang.swift; };
/* End PBXFileReference section */

/* Begin PBXFrameworksBuildPhase section */
		3B0D94A528E3F5C2000CC9BB /* Frameworks */ = {
			isa = PBXFrameworksBuildPhase;
			buildActionMask = 2147483647;
			files = (
			);
			runOnlyForDeploymentPostprocessing = 0;
		};
/* End PBXFrameworksBuildPhase section */

/* Begin PBXGroup section */
		3B0D949F28E3F5C2000CC9BB = {
			isa = PBXGroup;
			children = (
				3B0D94AB28E3F5C2000CC9BB /* NewsFeedApp.swift */,
				3B0D94AA28E3F5C2000CC9BB /* NewsFeed */,
				3B0D94A928E3F5C2000CC9BB /* Products */,
			);
			sourceTree = "<group>";
		};
		3B0D94A928E3F5C2000CC9BB /* Products */ = {
			isa = PBXGroup;
			children = (
				3B0D94A828E3F5C2000CC9BB /* NewsFeed.app */,
			);
			name = Products;
			sourceTree = "<group>";
		};
		3B0D94AA28E3F5C2000CC9BB /* NewsFeed */ = {
			isa = PBXGroup;
			children = (
				3B62D30E28E5599200D76A09 /* MainView.swift */,
				3B62D31228E55F2B00D76A09 /* WelcomeView.swift */,
				3B8C8E0228E6A2DD0054B32B /* FavoritesView.swift */,
				3B62D31428E5670800D76A09 /* Views */,
				3B0D94BF28E3FAF0000CC9BB /* Models */,
				3B0D94AF28E3F5C4000CC9BB /* Assets.xcassets */,
				3B0D94B128E3F5C4000CC9BB /* Preview Content */,
			);
			path = NewsFeed;
			sourceTree = "<group>";
		};
		3B0D94B128E3F5C4000CC9BB /* Preview Content */ = {
			isa = PBXGroup;
			children = (
				3B0D94B228E3F5C4000CC9BB /* Preview Assets.xcassets */,
			);
			path = "Preview Content";
			sourceTree = "<group>";
		};
		3B0D94BF28E3FAF0000CC9BB /* Models */ = {
			isa = PBXGroup;
			children = (
				3B8C8E0728E7D8F60054B32B /* JobModels */,
				3B62D30828E547C900D76A09 /* RichLinkData.swift */,
				3B0D94BD28E3FA51000CC9BB /* NewsRequest.swift */,
				3B8C8DFE28E662F40054B32B /* NewsItemModel.swift */,
				3B0D94BB28E3FA1B000CC9BB /* NewsModel.swift */,
			);
			path = Models;
			sourceTree = "<group>";
		};
		3B62D31428E5670800D76A09 /* Views */ = {
			isa = PBXGroup;
			children = (
				3B8C8E0828E7D9080054B32B /* NewsViews */,
				3B8C8E0628E7D8D80054B32B /* JobViews */,
			);
			path = Views;
			sourceTree = "<group>";
		};
		3B8C8E0628E7D8D80054B32B /* JobViews */ = {
			isa = PBXGroup;
			children = (
				3B62D31028E55A7700D76A09 /* JobFeed.swift */,
				3B8C8E0028E6969A0054B32B /* JobCardView.swift */,
				3B62D30C28E558AA00D76A09 /* JobView.swift */,
			);
			path = JobViews;
			sourceTree = "<group>";
		};
		3B8C8E0728E7D8F60054B32B /* JobModels */ = {
			isa = PBXGroup;
			children = (
				3B62D30A28E5557300D76A09 /* JobItem.swift */,
			);
			path = JobModels;
			sourceTree = "<group>";
		};
		3B8C8E0828E7D9080054B32B /* NewsViews */ = {
			isa = PBXGroup;
			children = (
				3B0D94C028E3FB39000CC9BB /* NewStories.swift */,
				3B62D30428E5223D00D76A09 /* NewsView.swift */,
				3B8C8E0428E6A5170054B32B /* NewsFeedFavoriteBar.swift */,
			);
			path = NewsViews;
			sourceTree = "<group>";
		};
/* End PBXGroup section */

/* Begin PBXNativeTarget section */
		3B0D94A728E3F5C2000CC9BB /* NewsFeed */ = {
			isa = PBXNativeTarget;
			buildConfigurationList = 3B0D94B628E3F5C4000CC9BB /* Build configuration list for PBXNativeTarget "NewsFeed" */;
			buildPhases = (
				3B0D94A428E3F5C2000CC9BB /* Sources */,
				3B0D94A528E3F5C2000CC9BB /* Frameworks */,
				3B0D94A628E3F5C2000CC9BB /* Resources */,
			);
			buildRules = (
			);
			dependencies = (
			);
			name = NewsFeed;
			productName = NewsFeed;
			productReference = 3B0D94A828E3F5C2000CC9BB /* NewsFeed.app */;
			productType = "com.apple.product-type.application";
		};
/* End PBXNativeTarget section */

/* Begin PBXProject section */
		3B0D94A028E3F5C2000CC9BB /* Project object */ = {
			isa = PBXProject;
			attributes = {
				BuildIndependentTargetsInParallel = 1;
				LastSwiftUpdateCheck = 1340;
				LastUpgradeCheck = 1340;
				TargetAttributes = {
					3B0D94A728E3F5C2000CC9BB = {
						CreatedOnToolsVersion = 13.4.1;
					};
				};
			};
			buildConfigurationList = 3B0D94A328E3F5C2000CC9BB /* Build configuration list for PBXProject "NewsFeed" */;
			compatibilityVersion = "Xcode 13.0";
			developmentRegion = en;
			hasScannedForEncodings = 0;
			knownRegions = (
				en,
				Base,
			);
			mainGroup = 3B0D949F28E3F5C2000CC9BB;
			productRefGroup = 3B0D94A928E3F5C2000CC9BB /* Products */;
			projectDirPath = "";
			projectRoot = "";
			targets = (
				3B0D94A728E3F5C2000CC9BB /* NewsFeed */,
			);
		};
/* End PBXProject section */

/* Begin PBXResourcesBuildPhase section */
		3B0D94A628E3F5C2000CC9BB /* Resources */ = {
			isa = PBXResourcesBuildPhase;
			buildActionMask = 2147483647;
			files = (
				3B0D94B328E3F5C4000CC9BB /* Preview Assets.xcassets in Resources */,
				3B0D94B028E3F5C4000CC9BB /* Assets.xcassets in Resources */,
			);
			runOnlyForDeploymentPostprocessing = 0;
		};
/* End PBXResourcesBuildPhase section */

/* Begin PBXSourcesBuildPhase section */
		3B0D94A428E3F5C2000CC9BB /* Sources */ = {
			isa = PBXSourcesBuildPhase;
			buildActionMask = 2147483647;
			files = (
				3B0D94BC28E3FA1B000CC9BB /* NewsModel.swift in Sources */,
				3B0D94AC28E3F5C2000CC9BB /* NewsFeedApp.swift in Sources */,
				3B62D30928E547C900D76A09 /* RichLinkData.swift in Sources */,
				3B8C8DFF28E662F40054B32B /* NewsItemModel.swift in Sources */,
				3B8C8E0328E6A2DD0054B32B /* FavoritesView.swift in Sources */,
				3B62D30D28E558AA00D76A09 /* JobView.swift in Sources */,
				3B62D30B28E5557300D76A09 /* JobItem.swift in Sources */,
				3B62D31328E55F2B00D76A09 /* WelcomeView.swift in Sources */,
				3B62D31128E55A7700D76A09 /* JobFeed.swift in Sources */,
				3B62D30F28E5599200D76A09 /* MainView.swift in Sources */,
				3B8C8E0528E6A5170054B32B /* NewsFeedFavoriteBar.swift in Sources */,
				3B62D30528E5223D00D76A09 /* NewsView.swift in Sources */,
				3B8C8E0128E6969A0054B32B /* JobCardView.swift in Sources */,
				3B0D94C128E3FB39000CC9BB /* NewStories.swift in Sources */,
				3B0D94BE28E3FA51000CC9BB /* NewsRequest.swift in Sources */,
			);
			runOnlyForDeploymentPostprocessing = 0;
		};
/* End PBXSourcesBuildPhase section */

/* Begin XCBuildConfiguration section */
		3B0D94B428E3F5C4000CC9BB /* Debug */ = {
			isa = XCBuildConfiguration;
			buildSettings = {
				ALWAYS_SEARCH_USER_PATHS = NO;
				CLANG_ANALYZER_NONNULL = YES;
				CLANG_ANALYZER_NUMBER_OBJECT_CONVERSION = YES_AGGRESSIVE;
				CLANG_CXX_LANGUAGE_STANDARD = "gnu++17";
				CLANG_ENABLE_MODULES = YES;
				CLANG_ENABLE_OBJC_ARC = YES;
				CLANG_ENABLE_OBJC_WEAK = YES;
				CLANG_WARN_BLOCK_CAPTURE_AUTORELEASING = YES;
				CLANG_WARN_BOOL_CONVERSION = YES;
				CLANG_WARN_COMMA = YES;
				CLANG_WARN_CONSTANT_CONVERSION = YES;
				CLANG_WARN_DEPRECATED_OBJC_IMPLEMENTATIONS = YES;
				CLANG_WARN_DIRECT_OBJC_ISA_USAGE = YES_ERROR;
				CLANG_WARN_DOCUMENTATION_COMMENTS = YES;
				CLANG_WARN_EMPTY_BODY = YES;
				CLANG_WARN_ENUM_CONVERSION = YES;
				CLANG_WARN_INFINITE_RECURSION = YES;
				CLANG_WARN_INT_CONVERSION = YES;
				CLANG_WARN_NON_LITERAL_NULL_CONVERSION = YES;
				CLANG_WARN_OBJC_IMPLICIT_RETAIN_SELF = YES;
				CLANG_WARN_OBJC_LITERAL_CONVERSION = YES;
				CLANG_WARN_OBJC_ROOT_CLASS = YES_ERROR;
				CLANG_WARN_QUOTED_INCLUDE_IN_FRAMEWORK_HEADER = YES;
				CLANG_WARN_RANGE_LOOP_ANALYSIS = YES;
				CLANG_WARN_STRICT_PROTOTYPES = YES;
				CLANG_WARN_SUSPICIOUS_MOVE = YES;
				CLANG_WARN_UNGUARDED_AVAILABILITY = YES_AGGRESSIVE;
				CLANG_WARN_UNREACHABLE_CODE = YES;
				CLANG_WARN__DUPLICATE_METHOD_MATCH = YES;
				COPY_PHASE_STRIP = NO;
				DEBUG_INFORMATION_FORMAT = dwarf;
				ENABLE_STRICT_OBJC_MSGSEND = YES;
				ENABLE_TESTABILITY = YES;
				GCC_C_LANGUAGE_STANDARD = gnu11;
				GCC_DYNAMIC_NO_PIC = NO;
				GCC_NO_COMMON_BLOCKS = YES;
				GCC_OPTIMIZATION_LEVEL = 0;
				GCC_PREPROCESSOR_DEFINITIONS = (
					"DEBUG=1",
					"$(inherited)",
				);
				GCC_WARN_64_TO_32_BIT_CONVERSION = YES;
				GCC_WARN_ABOUT_RETURN_TYPE = YES_ERROR;
				GCC_WARN_UNDECLARED_SELECTOR = YES;
				GCC_WARN_UNINITIALIZED_AUTOS = YES_AGGRESSIVE;
				GCC_WARN_UNUSED_FUNCTION = YES;
				GCC_WARN_UNUSED_VARIABLE = YES;
				IPHONEOS_DEPLOYMENT_TARGET = 16.0;
				MTL_ENABLE_DEBUG_INFO = INCLUDE_SOURCE;
				MTL_FAST_MATH = YES;
				ONLY_ACTIVE_ARCH = YES;
				SDKROOT = iphoneos;
				SWIFT_ACTIVE_COMPILATION_CONDITIONS = DEBUG;
				SWIFT_OPTIMIZATION_LEVEL = "-Onone";
			};
			name = Debug;
		};
		3B0D94B528E3F5C4000CC9BB /* Release */ = {
			isa = XCBuildConfiguration;
			buildSettings = {
				ALWAYS_SEARCH_USER_PATHS = NO;
				CLANG_ANALYZER_NONNULL = YES;
				CLANG_ANALYZER_NUMBER_OBJECT_CONVERSION = YES_AGGRESSIVE;
				CLANG_CXX_LANGUAGE_STANDARD = "gnu++17";
				CLANG_ENABLE_MODULES = YES;
				CLANG_ENABLE_OBJC_ARC = YES;
				CLANG_ENABLE_OBJC_WEAK = YES;
				CLANG_WARN_BLOCK_CAPTURE_AUTORELEASING = YES;
				CLANG_WARN_BOOL_CONVERSION = YES;
				CLANG_WARN_COMMA = YES;
				CLANG_WARN_CONSTANT_CONVERSION = YES;
				CLANG_WARN_DEPRECATED_OBJC_IMPLEMENTATIONS = YES;
				CLANG_WARN_DIRECT_OBJC_ISA_USAGE = YES_ERROR;
				CLANG_WARN_DOCUMENTATION_COMMENTS = YES;
				CLANG_WARN_EMPTY_BODY = YES;
				CLANG_WARN_ENUM_CONVERSION = YES;
				CLANG_WARN_INFINITE_RECURSION = YES;
				CLANG_WARN_INT_CONVERSION = YES;
				CLANG_WARN_NON_LITERAL_NULL_CONVERSION = YES;
				CLANG_WARN_OBJC_IMPLICIT_RETAIN_SELF = YES;
				CLANG_WARN_OBJC_LITERAL_CONVERSION = YES;
				CLANG_WARN_OBJC_ROOT_CLASS = YES_ERROR;
				CLANG_WARN_QUOTED_INCLUDE_IN_FRAMEWORK_HEADER = YES;
				CLANG_WARN_RANGE_LOOP_ANALYSIS = YES;
				CLANG_WARN_STRICT_PROTOTYPES = YES;
				CLANG_WARN_SUSPICIOUS_MOVE = YES;
				CLANG_WARN_UNGUARDED_AVAILABILITY = YES_AGGRESSIVE;
				CLANG_WARN_UNREACHABLE_CODE = YES;
				CLANG_WARN__DUPLICATE_METHOD_MATCH = YES;
				COPY_PHASE_STRIP = NO;
				DEBUG_INFORMATION_FORMAT = "dwarf-with-dsym";
				ENABLE_NS_ASSERTIONS = NO;
				ENABLE_STRICT_OBJC_MSGSEND = YES;
				GCC_C_LANGUAGE_STANDARD = gnu11;
				GCC_NO_COMMON_BLOCKS = YES;
				GCC_WARN_64_TO_32_BIT_CONVERSION = YES;
				GCC_WARN_ABOUT_RETURN_TYPE = YES_ERROR;
				GCC_WARN_UNDECLARED_SELECTOR = YES;
				GCC_WARN_UNINITIALIZED_AUTOS = YES_AGGRESSIVE;
				GCC_WARN_UNUSED_FUNCTION = YES;
				GCC_WARN_UNUSED_VARIABLE = YES;
				IPHONEOS_DEPLOYMENT_TARGET = 16.0;
				MTL_ENABLE_DEBUG_INFO = NO;
				MTL_FAST_MATH = YES;
				SDKROOT = iphoneos;
				SWIFT_COMPILATION_MODE = wholemodule;
				SWIFT_OPTIMIZATION_LEVEL = "-O";
				VALIDATE_PRODUCT = YES;
			};
			name = Release;
		};
		3B0D94B728E3F5C4000CC9BB /* Debug */ = {
			isa = XCBuildConfiguration;
			buildSettings = {
				ASSETCATALOG_COMPILER_APPICON_NAME = AppIcon;
				ASSETCATALOG_COMPILER_GLOBAL_ACCENT_COLOR_NAME = AccentColor;
				CODE_SIGN_STYLE = Automatic;
				CURRENT_PROJECT_VERSION = 1;
				DEVELOPMENT_ASSET_PATHS = "\"NewsFeed/Preview Content\"";
				DEVELOPMENT_TEAM = 52L4X98H24;
				ENABLE_PREVIEWS = YES;
				GENERATE_INFOPLIST_FILE = YES;
				INFOPLIST_KEY_UIApplicationSceneManifest_Generation = YES;
				INFOPLIST_KEY_UIApplicationSupportsIndirectInputEvents = YES;
				INFOPLIST_KEY_UILaunchScreen_Generation = YES;
				INFOPLIST_KEY_UISupportedInterfaceOrientations_iPad = "UIInterfaceOrientationPortrait UIInterfaceOrientationPortraitUpsideDown UIInterfaceOrientationLandscapeLeft UIInterfaceOrientationLandscapeRight";
				INFOPLIST_KEY_UISupportedInterfaceOrientations_iPhone = "UIInterfaceOrientationPortrait UIInterfaceOrientationLandscapeLeft UIInterfaceOrientationLandscapeRight";
				IPHONEOS_DEPLOYMENT_TARGET = 15.5;
				LD_RUNPATH_SEARCH_PATHS = (
					"$(inherited)",
					"@executable_path/Frameworks",
				);
				MARKETING_VERSION = 1.0;
				PRODUCT_BUNDLE_IDENTIFIER = com.colin.NewsFeed;
				PRODUCT_NAME = "$(TARGET_NAME)";
				SWIFT_EMIT_LOC_STRINGS = YES;
				SWIFT_VERSION = 5.0;
				TARGETED_DEVICE_FAMILY = "1,2";
			};
			name = Debug;
		};
		3B0D94B828E3F5C4000CC9BB /* Release */ = {
			isa = XCBuildConfiguration;
			buildSettings = {
				ASSETCATALOG_COMPILER_APPICON_NAME = AppIcon;
				ASSETCATALOG_COMPILER_GLOBAL_ACCENT_COLOR_NAME = AccentColor;
				CODE_SIGN_STYLE = Automatic;
				CURRENT_PROJECT_VERSION = 1;
				DEVELOPMENT_ASSET_PATHS = "\"NewsFeed/Preview Content\"";
				DEVELOPMENT_TEAM = 52L4X98H24;
				ENABLE_PREVIEWS = YES;
				GENERATE_INFOPLIST_FILE = YES;
				INFOPLIST_KEY_UIApplicationSceneManifest_Generation = YES;
				INFOPLIST_KEY_UIApplicationSupportsIndirectInputEvents = YES;
				INFOPLIST_KEY_UILaunchScreen_Generation = YES;
				INFOPLIST_KEY_UISupportedInterfaceOrientations_iPad = "UIInterfaceOrientationPortrait UIInterfaceOrientationPortraitUpsideDown UIInterfaceOrientationLandscapeLeft UIInterfaceOrientationLandscapeRight";
				INFOPLIST_KEY_UISupportedInterfaceOrientations_iPhone = "UIInterfaceOrientationPortrait UIInterfaceOrientationLandscapeLeft UIInterfaceOrientationLandscapeRight";
				IPHONEOS_DEPLOYMENT_TARGET = 15.5;
				LD_RUNPATH_SEARCH_PATHS = (
					"$(inherited)",
					"@executable_path/Frameworks",
				);
				MARKETING_VERSION = 1.0;
				PRODUCT_BUNDLE_IDENTIFIER = com.colin.NewsFeed;
				PRODUCT_NAME = "$(TARGET_NAME)";
				SWIFT_EMIT_LOC_STRINGS = YES;
				SWIFT_VERSION = 5.0;
				TARGETED_DEVICE_FAMILY = "1,2";
			};
			name = Release;
		};
/* End XCBuildConfiguration section */

/* Begin XCConfigurationList section */
		3B0D94A328E3F5C2000CC9BB /* Build configuration list for PBXProject "NewsFeed" */ = {
			isa = XCConfigurationList;
			buildConfigurations = (
				3B0D94B428E3F5C4000CC9BB /* Debug */,
				3B0D94B528E3F5C4000CC9BB /* Release */,
			);
			defaultConfigurationIsVisible = 0;
			defaultConfigurationName = Release;
		};
		3B0D94B628E3F5C4000CC9BB /* Build configuration list for PBXNativeTarget "NewsFeed" */ = {
			isa = XCConfigurationList;
			buildConfigurations = (
				3B0D94B728E3F5C4000CC9BB /* Debug */,
				3B0D94B828E3F5C4000CC9BB /* Release */,
			);
			defaultConfigurationIsVisible = 0;
			defaultConfigurationName = Release;
		};
/* End XCConfigurationList section */
	};
	rootObject = 3B0D94A028E3F5C2000CC9BB /* Project object */;
}
